
Microsoft Visual Studio Solution File, Format Version 12.00
# Visual Studio 15
VisualStudioVersion = 15.0.28010.2036
MinimumVisualStudioVersion = 10.0.40219.1
Project("{9A19103F-16F7-4668-BE54-9A1E7A4F7556}") = "CognitiveRelay", "CognitiveRelay\CognitiveRelay.csproj", "{1B783E9D-A2BD-4AB9-9DD0-B5F21B11BA45}"
EndProject
Global
	GlobalSection(SolutionConfigurationPlatforms) = preSolution
		Debug|Any CPU = Debug|Any CPU
		Release|Any CPU = Release|Any CPU
	EndGlobalSection
	GlobalSection(ProjectConfigurationPlatforms) = postSolution
		{1B783E9D-A2BD-4AB9-9DD0-B5F21B11BA45}.Debug|Any CPU.ActiveCfg = Debug|Any CPU
		{1B783E9D-A2BD-4AB9-9DD0-B5F21B11BA45}.Debug|Any CPU.Build.0 = Debug|Any CPU
		{1B783E9D-A2BD-4AB9-9DD0-B5F21B11BA45}.Release|Any CPU.ActiveCfg = Release|Any CPU
		{1B783E9D-A2BD-4AB9-9DD0-B5F21B11BA45}.Release|Any CPU.Build.0 = Release|Any CPU
	EndGlobalSection
	GlobalSection(SolutionProperties) = preSolution
		HideSolutionNode = FALSE
	EndGlobalSection
	GlobalSection(ExtensibilityGlobals) = postSolution
		SolutionGuid = {899C70D8-EF57-4A52-A5F1-98E1B651F4E2}
	EndGlobalSection
EndGlobal
